{
  "version": "3",
  "packages": {
    "specifiers": {
      "jsr:@db/sqlite@0.12.0": "jsr:@db/sqlite@0.12.0",
      "jsr:@denosaurs/plug@1": "jsr:@denosaurs/plug@1.0.6",
      "jsr:@mtcute/core@^0.16.7": "jsr:@mtcute/core@0.16.7",
      "jsr:@mtcute/deno@^0.16.8": "jsr:@mtcute/deno@0.16.8",
      "jsr:@mtcute/dispatcher@^0.16.7": "jsr:@mtcute/dispatcher@0.16.7",
      "jsr:@mtcute/file-id@^0.16.7": "jsr:@mtcute/file-id@0.16.7",
      "jsr:@mtcute/html-parser@^0.16.7": "jsr:@mtcute/html-parser@0.16.7",
      "jsr:@mtcute/markdown-parser@^0.16.7": "jsr:@mtcute/markdown-parser@0.16.7",
      "jsr:@mtcute/tl-runtime@^0.16.7": "jsr:@mtcute/tl-runtime@0.16.7",
      "jsr:@mtcute/tl@^186.0.0": "jsr:@mtcute/tl@186.0.0",
      "jsr:@mtcute/wasm@^0.16.7": "jsr:@mtcute/wasm@0.16.7",
      "jsr:@std/assert@^0.217.0": "jsr:@std/assert@0.217.0",
      "jsr:@std/assert@^0.221.0": "jsr:@std/assert@0.221.0",
      "jsr:@std/dotenv@^0.224.2": "jsr:@std/dotenv@0.224.2",
      "jsr:@std/encoding@^0.221.0": "jsr:@std/encoding@0.221.0",
      "jsr:@std/fmt@^0.221.0": "jsr:@std/fmt@0.221.0",
      "jsr:@std/fs@^0.221.0": "jsr:@std/fs@0.221.0",
      "jsr:@std/io@0.223.0": "jsr:@std/io@0.223.0",
      "jsr:@std/path@0.217": "jsr:@std/path@0.217.0",
      "jsr:@std/path@^0.221.0": "jsr:@std/path@0.221.0",
      "npm:htmlparser2@^6.0.1": "npm:htmlparser2@6.1.0",
      "npm:long@5.2.3": "npm:long@5.2.3"
    },
    "jsr": {
      "@db/sqlite@0.12.0": {
        "integrity": "dd1ef7f621ad50fc1e073a1c3609c4470bd51edc0994139c5bf9851de7a6d85f",
        "dependencies": [
          "jsr:@denosaurs/plug@1",
          "jsr:@std/path@0.217"
        ]
      },
      "@denosaurs/plug@1.0.6": {
        "integrity": "6cf5b9daba7799837b9ffbe89f3450510f588fafef8115ddab1ff0be9cb7c1a7",
        "dependencies": [
          "jsr:@std/encoding@^0.221.0",
          "jsr:@std/fmt@^0.221.0",
          "jsr:@std/fs@^0.221.0",
          "jsr:@std/path@^0.221.0"
        ]
      },
      "@mtcute/core@0.16.7": {
        "integrity": "2c51d783c86054c9abfc6248f598d58b801fdabd550a8f1693d5476be03872e0",
        "dependencies": [
          "jsr:@mtcute/file-id@^0.16.7",
          "jsr:@mtcute/tl-runtime@^0.16.7",
          "jsr:@mtcute/tl@^186.0.0",
          "npm:long@5.2.3"
        ]
      },
      "@mtcute/deno@0.16.8": {
        "integrity": "311ce05a40bb89ea39900800bcacd72946a755b33a67447026dd90f116c6bfc9",
        "dependencies": [
          "jsr:@db/sqlite@0.12.0",
          "jsr:@mtcute/core@^0.16.7",
          "jsr:@mtcute/html-parser@^0.16.7",
          "jsr:@mtcute/markdown-parser@^0.16.7",
          "jsr:@mtcute/wasm@^0.16.7",
          "jsr:@std/io@0.223.0"
        ]
      },
      "@mtcute/dispatcher@0.16.7": {
        "integrity": "d063bdf5f354ea922ae65499bc0f911f2d155ac730d70001bf3b2b05dc515f7c",
        "dependencies": [
          "jsr:@mtcute/core@^0.16.7"
        ]
      },
      "@mtcute/file-id@0.16.7": {
        "integrity": "159251ae6045525a03a4090c0e6236300dd7851b1276d42279576e9d5df072da",
        "dependencies": [
          "jsr:@mtcute/tl-runtime@^0.16.7",
          "npm:long@5.2.3"
        ]
      },
      "@mtcute/html-parser@0.16.7": {
        "integrity": "3583648eed6829bae25956827fbe5be6f68806213bee44b51cb01cb71472bb0f",
        "dependencies": [
          "jsr:@mtcute/core@^0.16.7",
          "npm:htmlparser2@^6.0.1",
          "npm:long@5.2.3"
        ]
      },
      "@mtcute/markdown-parser@0.16.7": {
        "integrity": "f25f039d25c1d00f746208f4af86b3b5b958a329f1bcf2e609f4eae421932bdd",
        "dependencies": [
          "jsr:@mtcute/core@^0.16.7",
          "npm:long@5.2.3"
        ]
      },
      "@mtcute/tl-runtime@0.16.7": {
        "integrity": "439a4f550a36ae97ebeb244fe09fb606733b72953d2c51ccaaa8aa04789e6830",
        "dependencies": [
          "npm:long@5.2.3"
        ]
      },
      "@mtcute/tl@186.0.0": {
        "integrity": "b99f53a5da383a75e9b47d8503d51c9565a50eb0f28ef3922f7dea3756c559ba",
        "dependencies": [
          "npm:long@5.2.3"
        ]
      },
      "@mtcute/wasm@0.16.7": {
        "integrity": "6f2db7dacc6145208a28a03ea255af56b594fd0d172a6ecdb2ab6540bc88dffc"
      },
      "@std/assert@0.217.0": {
        "integrity": "c98e279362ca6982d5285c3b89517b757c1e3477ee9f14eb2fdf80a45aaa9642"
      },
      "@std/assert@0.221.0": {
        "integrity": "a5f1aa6e7909dbea271754fd4ab3f4e687aeff4873b4cef9a320af813adb489a"
      },
      "@std/dotenv@0.224.2": {
        "integrity": "29081695357e4534696c9e986b2560be29c141ccf52daa32b6c20ff5b5c64ab9"
      },
      "@std/encoding@0.221.0": {
        "integrity": "d1dd76ef0dc5d14088411e6dc1dede53bf8308c95d1537df1214c97137208e45"
      },
      "@std/fmt@0.221.0": {
        "integrity": "379fed69bdd9731110f26b9085aeb740606b20428ce6af31ef6bd45ef8efa62a"
      },
      "@std/fs@0.221.0": {
        "integrity": "028044450299de8ed5a716ade4e6d524399f035513b85913794f4e81f07da286",
        "dependencies": [
          "jsr:@std/assert@^0.221.0",
          "jsr:@std/path@^0.221.0"
        ]
      },
      "@std/io@0.223.0": {
        "integrity": "2d8c3c2ab3a515619b90da2c6ff5ea7b75a94383259ef4d02116b228393f84f1"
      },
      "@std/path@0.217.0": {
        "integrity": "1217cc25534bca9a2f672d7fe7c6f356e4027df400c0e85c0ef3e4343bc67d11",
        "dependencies": [
          "jsr:@std/assert@^0.217.0"
        ]
      },
      "@std/path@0.221.0": {
        "integrity": "0a36f6b17314ef653a3a1649740cc8db51b25a133ecfe838f20b79a56ebe0095",
        "dependencies": [
          "jsr:@std/assert@^0.221.0"
        ]
      }
    },
    "npm": {
      "dom-serializer@1.4.1": {
        "integrity": "sha512-VHwB3KfrcOOkelEG2ZOfxqLZdfkil8PtJi4P8N2MMXucZq2yLp75ClViUlOVwyoHEDjYU433Aq+5zWP61+RGag==",
        "dependencies": {
          "domelementtype": "domelementtype@2.3.0",
          "domhandler": "domhandler@4.3.1",
          "entities": "entities@2.2.0"
        }
      },
      "domelementtype@2.3.0": {
        "integrity": "sha512-OLETBj6w0OsagBwdXnPdN0cnMfF9opN69co+7ZrbfPGrdpPVNBUj02spi6B1N7wChLQiPn4CSH/zJvXw56gmHw==",
        "dependencies": {}
      },
      "domhandler@4.3.1": {
        "integrity": "sha512-GrwoxYN+uWlzO8uhUXRl0P+kHE4GtVPfYzVLcUxPL7KNdHKj66vvlhiweIHqYYXWlw+T8iLMp42Lm67ghw4WMQ==",
        "dependencies": {
          "domelementtype": "domelementtype@2.3.0"
        }
      },
      "domutils@2.8.0": {
        "integrity": "sha512-w96Cjofp72M5IIhpjgobBimYEfoPjx1Vx0BSX9P30WBdZW2WIKU0T1Bd0kz2eNZ9ikjKgHbEyKx8BB6H1L3h3A==",
        "dependencies": {
          "dom-serializer": "dom-serializer@1.4.1",
          "domelementtype": "domelementtype@2.3.0",
          "domhandler": "domhandler@4.3.1"
        }
      },
      "entities@2.2.0": {
        "integrity": "sha512-p92if5Nz619I0w+akJrLZH0MX0Pb5DX39XOwQTtXSdQQOaYH03S1uIQp4mhOZtAXrxq4ViO67YTiLBo2638o9A==",
        "dependencies": {}
      },
      "htmlparser2@6.1.0": {
        "integrity": "sha512-gyyPk6rgonLFEDGoeRgQNaEUvdJ4ktTmmUh/h2t7s+M8oPpIPxgNACWa+6ESR57kXstwqPiCut0V8NRpcwgU7A==",
        "dependencies": {
          "domelementtype": "domelementtype@2.3.0",
          "domhandler": "domhandler@4.3.1",
          "domutils": "domutils@2.8.0",
          "entities": "entities@2.2.0"
        }
      },
      "long@5.2.3": {
        "integrity": "sha512-lcHwpNoggQTObv5apGNCTdJrO69eHOZMi4BNC+rTLER8iHAqGrUVeLh/irVIM7zTw2bOXA8T6uNPeujwOLg/2Q==",
        "dependencies": {}
      }
    }
  },
  "remote": {},
  "workspace": {
    "dependencies": [
      "jsr:@mtcute/deno@^0.16.8",
      "jsr:@mtcute/dispatcher@^0.16.7",
      "jsr:@std/assert@^1.0.0",
      "jsr:@std/dotenv@^0.224.2"
    ]
  }
}
