{
  "version": "3",
  "packages": {
    "specifiers": {
      "jsr:@db/sqlite@0.11.1": "jsr:@db/sqlite@0.11.1",
      "jsr:@denosaurs/plug@1": "jsr:@denosaurs/plug@1.0.6",
      "jsr:@mtcute/core@^0.16.0": "jsr:@mtcute/core@0.16.0",
      "jsr:@mtcute/deno@^0.16.0": "jsr:@mtcute/deno@0.16.0",
      "jsr:@mtcute/dispatcher@^0.16.0": "jsr:@mtcute/dispatcher@0.16.0",
      "jsr:@mtcute/file-id@^0.16.0": "jsr:@mtcute/file-id@0.16.0",
      "jsr:@mtcute/html-parser@^0.16.0": "jsr:@mtcute/html-parser@0.16.0",
      "jsr:@mtcute/markdown-parser@^0.16.0": "jsr:@mtcute/markdown-parser@0.16.0",
      "jsr:@mtcute/tl-runtime@^0.16.0": "jsr:@mtcute/tl-runtime@0.16.0",
      "jsr:@mtcute/tl@^184.0.0": "jsr:@mtcute/tl@184.0.0",
      "jsr:@mtcute/wasm@^0.16.0": "jsr:@mtcute/wasm@0.16.0",
      "jsr:@std/assert@^0.217.0": "jsr:@std/assert@0.217.0",
      "jsr:@std/assert@^0.221.0": "jsr:@std/assert@0.221.0",
      "jsr:@std/assert@^1.0.0": "jsr:@std/assert@1.0.0",
      "jsr:@std/dotenv@^0.224.2": "jsr:@std/dotenv@0.224.2",
      "jsr:@std/encoding@^0.221.0": "jsr:@std/encoding@0.221.0",
      "jsr:@std/fmt@^0.221.0": "jsr:@std/fmt@0.221.0",
      "jsr:@std/fs@^0.221.0": "jsr:@std/fs@0.221.0",
      "jsr:@std/internal@^1.0.1": "jsr:@std/internal@1.0.1",
      "jsr:@std/io@0.223.0": "jsr:@std/io@0.223.0",
      "jsr:@std/path@0.217": "jsr:@std/path@0.217.0",
      "jsr:@std/path@^0.221.0": "jsr:@std/path@0.221.0",
      "npm:@types/node": "npm:@types/node@18.16.19",
      "npm:events@3.2.0": "npm:events@3.2.0",
      "npm:htmlparser2@^6.0.1": "npm:htmlparser2@6.1.0",
      "npm:long@5.2.3": "npm:long@5.2.3"
    },
    "jsr": {
      "@db/sqlite@0.11.1": {
        "integrity": "546434e7ed762db07e6ade0f963540dd5e06723b802937bf260ff855b21ef9c5",
        "dependencies": [
          "jsr:@denosaurs/plug@1",
          "jsr:@std/path@0.217"
        ]
      },
      "@denosaurs/plug@1.0.6": {
        "integrity": "6cf5b9daba7799837b9ffbe89f3450510f588fafef8115ddab1ff0be9cb7c1a7",
        "dependencies": [
          "jsr:@std/encoding@^0.221.0",
          "jsr:@std/fmt@^0.221.0",
          "jsr:@std/fs@^0.221.0",
          "jsr:@std/path@^0.221.0"
        ]
      },
      "@mtcute/core@0.16.0": {
        "integrity": "4107ca0bbf4ccbf42b20f5aea2d885f0abec5a94aad2c1dca9cfe3fe65a9b9ed",
        "dependencies": [
          "jsr:@mtcute/file-id@^0.16.0",
          "jsr:@mtcute/tl-runtime@^0.16.0",
          "jsr:@mtcute/tl@^184.0.0",
          "npm:events@3.2.0",
          "npm:long@5.2.3"
        ]
      },
      "@mtcute/deno@0.16.0": {
        "integrity": "2014321827ae23bbb043806fdbe5672cb650dee7efa52a4e982b04734e8bf6d9",
        "dependencies": [
          "jsr:@db/sqlite@0.11.1",
          "jsr:@mtcute/core@^0.16.0",
          "jsr:@mtcute/html-parser@^0.16.0",
          "jsr:@mtcute/markdown-parser@^0.16.0",
          "jsr:@mtcute/wasm@^0.16.0",
          "jsr:@std/io@0.223.0"
        ]
      },
      "@mtcute/dispatcher@0.16.0": {
        "integrity": "9b55f0b3a2a8663feb9dc5321a6a5183a90979835fc799cbf6d6ad2f87a2420d",
        "dependencies": [
          "jsr:@mtcute/core@^0.16.0"
        ]
      },
      "@mtcute/file-id@0.16.0": {
        "integrity": "608044cad2652407259acc1be6bc1b2c5316ee22a70a6aa67c255e8cf71bafc1",
        "dependencies": [
          "jsr:@mtcute/tl-runtime@^0.16.0",
          "npm:long@5.2.3"
        ]
      },
      "@mtcute/html-parser@0.16.0": {
        "integrity": "899788f918ebde110f385886b8329aa1d3f2842cc5d8c518448bbbdbc31a4041",
        "dependencies": [
          "jsr:@mtcute/core@^0.16.0",
          "npm:htmlparser2@^6.0.1",
          "npm:long@5.2.3"
        ]
      },
      "@mtcute/markdown-parser@0.16.0": {
        "integrity": "a82b100ce2d085d350aa7be12e48ce80b24bf830144bcd7eb1cd791d6d81bf71",
        "dependencies": [
          "jsr:@mtcute/core@^0.16.0",
          "npm:long@5.2.3"
        ]
      },
      "@mtcute/tl-runtime@0.16.0": {
        "integrity": "c1d1f0d02bb3671cd86042c59f8dc159f43a25472740823182c90460746e9129",
        "dependencies": [
          "npm:long@5.2.3"
        ]
      },
      "@mtcute/tl@184.0.0": {
        "integrity": "b07f4d1113a388cf13e3be43be52abf8714cc1701c8559d173f6d802a319cc83",
        "dependencies": [
          "npm:long@5.2.3"
        ]
      },
      "@mtcute/wasm@0.16.0": {
        "integrity": "ba8e6df348e20a267645f9bf9dd86df49999d6199863a7db5269123b8d8d571b"
      },
      "@std/assert@0.217.0": {
        "integrity": "c98e279362ca6982d5285c3b89517b757c1e3477ee9f14eb2fdf80a45aaa9642"
      },
      "@std/assert@0.221.0": {
        "integrity": "a5f1aa6e7909dbea271754fd4ab3f4e687aeff4873b4cef9a320af813adb489a"
      },
      "@std/assert@1.0.0": {
        "integrity": "0e4f6d873f7f35e2a1e6194ceee39686c996b9e5d134948e644d35d4c4df2008",
        "dependencies": [
          "jsr:@std/internal@^1.0.1"
        ]
      },
      "@std/dotenv@0.224.2": {
        "integrity": "29081695357e4534696c9e986b2560be29c141ccf52daa32b6c20ff5b5c64ab9"
      },
      "@std/encoding@0.221.0": {
        "integrity": "d1dd76ef0dc5d14088411e6dc1dede53bf8308c95d1537df1214c97137208e45"
      },
      "@std/fmt@0.221.0": {
        "integrity": "379fed69bdd9731110f26b9085aeb740606b20428ce6af31ef6bd45ef8efa62a"
      },
      "@std/fs@0.221.0": {
        "integrity": "028044450299de8ed5a716ade4e6d524399f035513b85913794f4e81f07da286",
        "dependencies": [
          "jsr:@std/assert@^0.221.0",
          "jsr:@std/path@^0.221.0"
        ]
      },
      "@std/internal@1.0.1": {
        "integrity": "6f8c7544d06a11dd256c8d6ba54b11ed870aac6c5aeafff499892662c57673e6"
      },
      "@std/io@0.223.0": {
        "integrity": "2d8c3c2ab3a515619b90da2c6ff5ea7b75a94383259ef4d02116b228393f84f1"
      },
      "@std/path@0.217.0": {
        "integrity": "1217cc25534bca9a2f672d7fe7c6f356e4027df400c0e85c0ef3e4343bc67d11",
        "dependencies": [
          "jsr:@std/assert@^0.217.0"
        ]
      },
      "@std/path@0.221.0": {
        "integrity": "0a36f6b17314ef653a3a1649740cc8db51b25a133ecfe838f20b79a56ebe0095",
        "dependencies": [
          "jsr:@std/assert@^0.221.0"
        ]
      }
    },
    "npm": {
      "@types/node@18.16.19": {
        "integrity": "sha512-IXl7o+R9iti9eBW4Wg2hx1xQDig183jj7YLn8F7udNceyfkbn1ZxmzZXuak20gR40D7pIkIY1kYGx5VIGbaHKA==",
        "dependencies": {}
      },
      "dom-serializer@1.4.1": {
        "integrity": "sha512-VHwB3KfrcOOkelEG2ZOfxqLZdfkil8PtJi4P8N2MMXucZq2yLp75ClViUlOVwyoHEDjYU433Aq+5zWP61+RGag==",
        "dependencies": {
          "domelementtype": "domelementtype@2.3.0",
          "domhandler": "domhandler@4.3.1",
          "entities": "entities@2.2.0"
        }
      },
      "domelementtype@2.3.0": {
        "integrity": "sha512-OLETBj6w0OsagBwdXnPdN0cnMfF9opN69co+7ZrbfPGrdpPVNBUj02spi6B1N7wChLQiPn4CSH/zJvXw56gmHw==",
        "dependencies": {}
      },
      "domhandler@4.3.1": {
        "integrity": "sha512-GrwoxYN+uWlzO8uhUXRl0P+kHE4GtVPfYzVLcUxPL7KNdHKj66vvlhiweIHqYYXWlw+T8iLMp42Lm67ghw4WMQ==",
        "dependencies": {
          "domelementtype": "domelementtype@2.3.0"
        }
      },
      "domutils@2.8.0": {
        "integrity": "sha512-w96Cjofp72M5IIhpjgobBimYEfoPjx1Vx0BSX9P30WBdZW2WIKU0T1Bd0kz2eNZ9ikjKgHbEyKx8BB6H1L3h3A==",
        "dependencies": {
          "dom-serializer": "dom-serializer@1.4.1",
          "domelementtype": "domelementtype@2.3.0",
          "domhandler": "domhandler@4.3.1"
        }
      },
      "entities@2.2.0": {
        "integrity": "sha512-p92if5Nz619I0w+akJrLZH0MX0Pb5DX39XOwQTtXSdQQOaYH03S1uIQp4mhOZtAXrxq4ViO67YTiLBo2638o9A==",
        "dependencies": {}
      },
      "events@3.2.0": {
        "integrity": "sha512-/46HWwbfCX2xTawVfkKLGxMifJYQBWMwY1mjywRtb4c9x8l5NP3KoJtnIOiL1hfdRkIuYhETxQlo62IF8tcnlg==",
        "dependencies": {}
      },
      "htmlparser2@6.1.0": {
        "integrity": "sha512-gyyPk6rgonLFEDGoeRgQNaEUvdJ4ktTmmUh/h2t7s+M8oPpIPxgNACWa+6ESR57kXstwqPiCut0V8NRpcwgU7A==",
        "dependencies": {
          "domelementtype": "domelementtype@2.3.0",
          "domhandler": "domhandler@4.3.1",
          "domutils": "domutils@2.8.0",
          "entities": "entities@2.2.0"
        }
      },
      "long@5.2.3": {
        "integrity": "sha512-lcHwpNoggQTObv5apGNCTdJrO69eHOZMi4BNC+rTLER8iHAqGrUVeLh/irVIM7zTw2bOXA8T6uNPeujwOLg/2Q==",
        "dependencies": {}
      }
    }
  },
  "remote": {},
  "workspace": {
    "dependencies": [
      "jsr:@mtcute/deno@^0.16.0",
      "jsr:@mtcute/dispatcher@^0.16.0",
      "jsr:@std/assert@^1.0.0",
      "jsr:@std/dotenv@^0.224.2"
    ]
  }
}
